
Microsoft Visual Studio Solution File, Format Version 12.00
# Visual Studio Version 17
VisualStudioVersion = 17.5.33414.496
MinimumVisualStudioVersion = 10.0.40219.1
Project("{FAE04EC0-301F-11D3-BF4B-00C04F79EFBC}") = "bArtTestTask.WebAPI", "bArtTestTask.WebAPI\bArtTestTask.WebAPI.csproj", "{F3E90F1F-9211-4220-BE94-72A153E99DCA}"
EndProject
Project("{FAE04EC0-301F-11D3-BF4B-00C04F79EFBC}") = "bArtTestTask.Models", "bArtTestTask.Models\bArtTestTask.Models.csproj", "{D0C0D935-C775-4FA6-895E-35D8EBDBE75B}"
EndProject
Global
	GlobalSection(SolutionConfigurationPlatforms) = preSolution
		Debug|Any CPU = Debug|Any CPU
		Release|Any CPU = Release|Any CPU
	EndGlobalSection
	GlobalSection(ProjectConfigurationPlatforms) = postSolution
		{F3E90F1F-9211-4220-BE94-72A153E99DCA}.Debug|Any CPU.ActiveCfg = Debug|Any CPU
		{F3E90F1F-9211-4220-BE94-72A153E99DCA}.Debug|Any CPU.Build.0 = Debug|Any CPU
		{F3E90F1F-9211-4220-BE94-72A153E99DCA}.Release|Any CPU.ActiveCfg = Release|Any CPU
		{F3E90F1F-9211-4220-BE94-72A153E99DCA}.Release|Any CPU.Build.0 = Release|Any CPU
		{D0C0D935-C775-4FA6-895E-35D8EBDBE75B}.Debug|Any CPU.ActiveCfg = Debug|Any CPU
		{D0C0D935-C775-4FA6-895E-35D8EBDBE75B}.Debug|Any CPU.Build.0 = Debug|Any CPU
		{D0C0D935-C775-4FA6-895E-35D8EBDBE75B}.Release|Any CPU.ActiveCfg = Release|Any CPU
		{D0C0D935-C775-4FA6-895E-35D8EBDBE75B}.Release|Any CPU.Build.0 = Release|Any CPU
	EndGlobalSection
	GlobalSection(SolutionProperties) = preSolution
		HideSolutionNode = FALSE
	EndGlobalSection
	GlobalSection(ExtensibilityGlobals) = postSolution
		SolutionGuid = {9A24F239-79D0-44D6-AFFB-31FD1F46D7DF}
	EndGlobalSection
EndGlobal
